<?xml version="1.0" encoding="utf-8"?>
<Project ToolsVersion="4.0" xmlns="http://schemas.microsoft.com/developer/msbuild/2003">
  <ItemGroup>
    <Filter Include="소스 파일">
      <UniqueIdentifier>{4FC737F1-C7A5-4376-A066-2A32D752A2FF}</UniqueIdentifier>
      <Extensions>cpp;c;cc;cxx;def;odl;idl;hpj;bat;asm;asmx</Extensions>
    </Filter>
    <Filter Include="헤더 파일">
      <UniqueIdentifier>{93995380-89BD-4b04-88EB-625FBE52EBFB}</UniqueIdentifier>
      <Extensions>h;hh;hpp;hxx;hm;inl;inc;xsd</Extensions>
    </Filter>
    <Filter Include="리소스 파일">
      <UniqueIdentifier>{67DA6AB6-F800-4c08-8B7A-83BB121AAD01}</UniqueIdentifier>
      <Extensions>rc;ico;cur;bmp;dlg;rc2;rct;bin;rgs;gif;jpg;jpeg;jpe;resx;tiff;tif;png;wav;mfcribbon-ms</Extensions>
    </Filter>
    <Filter Include="소스 파일\i/o">
      <UniqueIdentifier>{8ee53c4a-74ab-4362-8738-40b9c33b4d19}</UniqueIdentifier>
    </Filter>
    <Filter Include="소스 파일\CodeGround">
      <UniqueIdentifier>{38137fe0-09dc-422b-98c1-b593bb755315}</UniqueIdentifier>
    </Filter>
  </ItemGroup>
  <ItemGroup>
    <ClCompile Include="Main.c">
      <Filter>소스 파일</Filter>
    </ClCompile>
    <ClCompile Include="Stack.c">
      <Filter>소스 파일</Filter>
    </ClCompile>
    <ClCompile Include="2606.c">
      <Filter>소스 파일</Filter>
    </ClCompile>
    <ClCompile Include="2589.c">
      <Filter>소스 파일</Filter>
    </ClCompile>
    <ClCompile Include="9663.c">
      <Filter>소스 파일</Filter>
    </ClCompile>
    <ClCompile Include="11403.c">
      <Filter>소스 파일</Filter>
    </ClCompile>
    <ClCompile Include="1012.c">
      <Filter>소스 파일</Filter>
    </ClCompile>
    <ClCompile Include="2667.c">
      <Filter>소스 파일</Filter>
    </ClCompile>
    <ClCompile Include="2583.c">
      <Filter>소스 파일</Filter>
    </ClCompile>
    <ClCompile Include="1987.c">
      <Filter>소스 파일</Filter>
    </ClCompile>
    <ClCompile Include="2468.c">
      <Filter>소스 파일</Filter>
    </ClCompile>
    <ClCompile Include="11724.c">
      <Filter>소스 파일</Filter>
    </ClCompile>
    <ClCompile Include="11724.cpp">
      <Filter>소스 파일</Filter>
    </ClCompile>
    <ClCompile Include="6603.c">
      <Filter>소스 파일</Filter>
    </ClCompile>
    <ClCompile Include="11718.c">
      <Filter>소스 파일\i/o</Filter>
    </ClCompile>
    <ClCompile Include="10026.c">
      <Filter>소스 파일</Filter>
    </ClCompile>
    <ClCompile Include="14502.c">
      <Filter>소스 파일</Filter>
    </ClCompile>
    <ClCompile Include="practice1.c">
      <Filter>소스 파일\CodeGround</Filter>
    </ClCompile>
  </ItemGroup>
  <ItemGroup>
    <ClInclude Include="Stack.h">
      <Filter>헤더 파일</Filter>
    </ClInclude>
  </ItemGroup>
</Project>